
Microsoft Visual Studio Solution File, Format Version 12.00
# Visual Studio Version 17
VisualStudioVersion = 17.9.34622.214
MinimumVisualStudioVersion = 10.0.40219.1
Project("{FAE04EC0-301F-11D3-BF4B-00C04F79EFBC}") = "KGFC", "KGFC\KGFC.csproj", "{741913B8-CF7F-4650-8058-A2CC7BBA7F6D}"
EndProject
Global
	GlobalSection(SolutionConfigurationPlatforms) = preSolution
		Debug|Any CPU = Debug|Any CPU
		Release|Any CPU = Release|Any CPU
	EndGlobalSection
	GlobalSection(ProjectConfigurationPlatforms) = postSolution
		{741913B8-CF7F-4650-8058-A2CC7BBA7F6D}.Debug|Any CPU.ActiveCfg = Debug|Any CPU
		{741913B8-CF7F-4650-8058-A2CC7BBA7F6D}.Debug|Any CPU.Build.0 = Debug|Any CPU
		{741913B8-CF7F-4650-8058-A2CC7BBA7F6D}.Release|Any CPU.ActiveCfg = Release|Any CPU
		{741913B8-CF7F-4650-8058-A2CC7BBA7F6D}.Release|Any CPU.Build.0 = Release|Any CPU
	EndGlobalSection
	GlobalSection(SolutionProperties) = preSolution
		HideSolutionNode = FALSE
	EndGlobalSection
	GlobalSection(ExtensibilityGlobals) = postSolution
		SolutionGuid = {0DC56A95-7B29-4329-B537-6C3AD8434198}
	EndGlobalSection
EndGlobal
