
Microsoft Visual Studio Solution File, Format Version 12.00
# Visual Studio Version 17
VisualStudioVersion = 17.8.34511.84
MinimumVisualStudioVersion = 10.0.40219.1
Project("{FAE04EC0-301F-11D3-BF4B-00C04F79EFBC}") = "Examen 1 - Kevin Guzmán", "Examen 1 - Kevin Guzmán\Examen 1 - Kevin Guzmán.csproj", "{A05DB405-2D7E-41A7-846C-9D06BF405507}"
EndProject
Global
	GlobalSection(SolutionConfigurationPlatforms) = preSolution
		Debug|Any CPU = Debug|Any CPU
		Release|Any CPU = Release|Any CPU
	EndGlobalSection
	GlobalSection(ProjectConfigurationPlatforms) = postSolution
		{A05DB405-2D7E-41A7-846C-9D06BF405507}.Debug|Any CPU.ActiveCfg = Debug|Any CPU
		{A05DB405-2D7E-41A7-846C-9D06BF405507}.Debug|Any CPU.Build.0 = Debug|Any CPU
		{A05DB405-2D7E-41A7-846C-9D06BF405507}.Release|Any CPU.ActiveCfg = Release|Any CPU
		{A05DB405-2D7E-41A7-846C-9D06BF405507}.Release|Any CPU.Build.0 = Release|Any CPU
	EndGlobalSection
	GlobalSection(SolutionProperties) = preSolution
		HideSolutionNode = FALSE
	EndGlobalSection
	GlobalSection(ExtensibilityGlobals) = postSolution
		SolutionGuid = {17E97C4C-1F20-4C73-BE87-3F21F66E7D1F}
	EndGlobalSection
EndGlobal
